{
  "requires": true,
  "lockfileVersion": 1,
  "dependencies": {
    "uview-ui": {
      "version": "2.0.14",
      "resolved": "https://registry.npmjs.org/uview-ui/-/uview-ui-2.0.14.tgz",
      "integrity": "sha512-XiSH8rMCHuLQBrMnrl3cBzZiNro75cEBv5tmhBsJDbhXHToybJAqT4YqUi4qbyZtOiHneZUJce/UAs4sKMax+w=="
    }
  }
}
